
Microsoft Visual Studio Solution File, Format Version 12.00
# Visual Studio Version 17
VisualStudioVersion = 17.10.34928.147
MinimumVisualStudioVersion = 10.0.40219.1
Project("{FAE04EC0-301F-11D3-BF4B-00C04F79EFBC}") = "Ficbook_Scraper", "Ficbook_Scraper\Ficbook_Scraper.csproj", "{7732024B-31E9-4CAD-93B0-D1545E97E07F}"
EndProject
Global
	GlobalSection(SolutionConfigurationPlatforms) = preSolution
		Debug|Any CPU = Debug|Any CPU
		Release|Any CPU = Release|Any CPU
	EndGlobalSection
	GlobalSection(ProjectConfigurationPlatforms) = postSolution
		{7732024B-31E9-4CAD-93B0-D1545E97E07F}.Debug|Any CPU.ActiveCfg = Debug|Any CPU
		{7732024B-31E9-4CAD-93B0-D1545E97E07F}.Debug|Any CPU.Build.0 = Debug|Any CPU
		{7732024B-31E9-4CAD-93B0-D1545E97E07F}.Release|Any CPU.ActiveCfg = Release|Any CPU
		{7732024B-31E9-4CAD-93B0-D1545E97E07F}.Release|Any CPU.Build.0 = Release|Any CPU
	EndGlobalSection
	GlobalSection(SolutionProperties) = preSolution
		HideSolutionNode = FALSE
	EndGlobalSection
	GlobalSection(ExtensibilityGlobals) = postSolution
		SolutionGuid = {8EB57F6F-948A-4730-A003-C4594689632E}
	EndGlobalSection
EndGlobal
